
Microsoft Visual Studio Solution File, Format Version 12.00
Project("{FAE04EC0-301F-11D3-BF4B-00C04F79EFBC}") = "Market.MVC", "Market.MVC\Market.MVC.csproj", "{E96FA67D-FB96-4813-A47B-1DC2960E42AD}"
EndProject
Project("{2150E333-8FDC-42A3-9474-1A3956D46DE8}") = "Core", "Core", "{9BD1183B-B180-4A65-B41B-1754BC31214F}"
EndProject
Project("{2150E333-8FDC-42A3-9474-1A3956D46DE8}") = "Infrastructure", "Infrastructure", "{96ED7058-057B-42A2-B1A5-0F817374D1F2}"
EndProject
Project("{2150E333-8FDC-42A3-9474-1A3956D46DE8}") = "Presentation", "Presentation", "{4AD165EC-7267-4FC7-BE9D-A5BC54B01CF4}"
EndProject
Project("{2150E333-8FDC-42A3-9474-1A3956D46DE8}") = "Shared", "Shared", "{A665CA8E-C821-452F-AD11-5A0E43542A4A}"
EndProject
Project("{FAE04EC0-301F-11D3-BF4B-00C04F79EFBC}") = "Market.Application", "Core\Market.Application\Market.Application.csproj", "{155AD3A3-2D44-4544-AA59-7788AC966A63}"
EndProject
Project("{FAE04EC0-301F-11D3-BF4B-00C04F79EFBC}") = "Market.Domain", "Core\Market.Domain\Market.Domain.csproj", "{02DDA8E8-468E-45E8-AC86-CF6D8A6D417A}"
EndProject
Project("{FAE04EC0-301F-11D3-BF4B-00C04F79EFBC}") = "Market.Shared", "Shared\Market.Shared\Market.Shared.csproj", "{1F3B3BFC-2484-4592-8407-D40DC8869047}"
EndProject
Project("{FAE04EC0-301F-11D3-BF4B-00C04F79EFBC}") = "Market.Infrastructure", "Infrastructure\Market.Infrastructure\Market.Infrastructure.csproj", "{8C4DAA29-29ED-4E3E-995E-FCA030F4165A}"
EndProject
Project("{FAE04EC0-301F-11D3-BF4B-00C04F79EFBC}") = "Market.Persistence", "Infrastructure\Market.Persistence\Market.Persistence.csproj", "{18817605-D21D-4C6D-8D69-D58CD43B45FB}"
EndProject
Global
	GlobalSection(SolutionConfigurationPlatforms) = preSolution
		Debug|Any CPU = Debug|Any CPU
		Release|Any CPU = Release|Any CPU
	EndGlobalSection
	GlobalSection(ProjectConfigurationPlatforms) = postSolution
		{E96FA67D-FB96-4813-A47B-1DC2960E42AD}.Debug|Any CPU.ActiveCfg = Debug|Any CPU
		{E96FA67D-FB96-4813-A47B-1DC2960E42AD}.Debug|Any CPU.Build.0 = Debug|Any CPU
		{E96FA67D-FB96-4813-A47B-1DC2960E42AD}.Release|Any CPU.ActiveCfg = Release|Any CPU
		{E96FA67D-FB96-4813-A47B-1DC2960E42AD}.Release|Any CPU.Build.0 = Release|Any CPU
		{155AD3A3-2D44-4544-AA59-7788AC966A63}.Debug|Any CPU.ActiveCfg = Debug|Any CPU
		{155AD3A3-2D44-4544-AA59-7788AC966A63}.Debug|Any CPU.Build.0 = Debug|Any CPU
		{155AD3A3-2D44-4544-AA59-7788AC966A63}.Release|Any CPU.ActiveCfg = Release|Any CPU
		{155AD3A3-2D44-4544-AA59-7788AC966A63}.Release|Any CPU.Build.0 = Release|Any CPU
		{02DDA8E8-468E-45E8-AC86-CF6D8A6D417A}.Debug|Any CPU.ActiveCfg = Debug|Any CPU
		{02DDA8E8-468E-45E8-AC86-CF6D8A6D417A}.Debug|Any CPU.Build.0 = Debug|Any CPU
		{02DDA8E8-468E-45E8-AC86-CF6D8A6D417A}.Release|Any CPU.ActiveCfg = Release|Any CPU
		{02DDA8E8-468E-45E8-AC86-CF6D8A6D417A}.Release|Any CPU.Build.0 = Release|Any CPU
		{1F3B3BFC-2484-4592-8407-D40DC8869047}.Debug|Any CPU.ActiveCfg = Debug|Any CPU
		{1F3B3BFC-2484-4592-8407-D40DC8869047}.Debug|Any CPU.Build.0 = Debug|Any CPU
		{1F3B3BFC-2484-4592-8407-D40DC8869047}.Release|Any CPU.ActiveCfg = Release|Any CPU
		{1F3B3BFC-2484-4592-8407-D40DC8869047}.Release|Any CPU.Build.0 = Release|Any CPU
		{8C4DAA29-29ED-4E3E-995E-FCA030F4165A}.Debug|Any CPU.ActiveCfg = Debug|Any CPU
		{8C4DAA29-29ED-4E3E-995E-FCA030F4165A}.Debug|Any CPU.Build.0 = Debug|Any CPU
		{8C4DAA29-29ED-4E3E-995E-FCA030F4165A}.Release|Any CPU.ActiveCfg = Release|Any CPU
		{8C4DAA29-29ED-4E3E-995E-FCA030F4165A}.Release|Any CPU.Build.0 = Release|Any CPU
		{18817605-D21D-4C6D-8D69-D58CD43B45FB}.Debug|Any CPU.ActiveCfg = Debug|Any CPU
		{18817605-D21D-4C6D-8D69-D58CD43B45FB}.Debug|Any CPU.Build.0 = Debug|Any CPU
		{18817605-D21D-4C6D-8D69-D58CD43B45FB}.Release|Any CPU.ActiveCfg = Release|Any CPU
		{18817605-D21D-4C6D-8D69-D58CD43B45FB}.Release|Any CPU.Build.0 = Release|Any CPU
	EndGlobalSection
	GlobalSection(NestedProjects) = preSolution
		{E96FA67D-FB96-4813-A47B-1DC2960E42AD} = {4AD165EC-7267-4FC7-BE9D-A5BC54B01CF4}
		{155AD3A3-2D44-4544-AA59-7788AC966A63} = {9BD1183B-B180-4A65-B41B-1754BC31214F}
		{02DDA8E8-468E-45E8-AC86-CF6D8A6D417A} = {9BD1183B-B180-4A65-B41B-1754BC31214F}
		{1F3B3BFC-2484-4592-8407-D40DC8869047} = {A665CA8E-C821-452F-AD11-5A0E43542A4A}
		{8C4DAA29-29ED-4E3E-995E-FCA030F4165A} = {96ED7058-057B-42A2-B1A5-0F817374D1F2}
		{18817605-D21D-4C6D-8D69-D58CD43B45FB} = {96ED7058-057B-42A2-B1A5-0F817374D1F2}
	EndGlobalSection
EndGlobal
